
Microsoft Visual Studio Solution File, Format Version 12.00
# Visual Studio Version 17
VisualStudioVersion = 17.4.33205.214
MinimumVisualStudioVersion = 10.0.40219.1
Project("{9A19103F-16F7-4668-BE54-9A1E7A4F7556}") = "YZAzureFunc", "YZAzureFunc\YZAzureFunc.csproj", "{5876804C-5B53-4492-A067-00B947844123}"
EndProject
Project("{FAE04EC0-301F-11D3-BF4B-00C04F79EFBC}") = "TestProject1", "TestProject1\TestProject1.csproj", "{84D30EEF-64A5-4C9F-9CCD-31EA0B2C70C9}"
EndProject
Project("{FAE04EC0-301F-11D3-BF4B-00C04F79EFBC}") = "IsolatedNet6", "IsolatedNet6\IsolatedNet6.csproj", "{63D0A3A8-DF1E-4E0F-B7F3-DC6AACC8880C}"
EndProject
Global
	GlobalSection(SolutionConfigurationPlatforms) = preSolution
		Debug|Any CPU = Debug|Any CPU
		Release|Any CPU = Release|Any CPU
	EndGlobalSection
	GlobalSection(ProjectConfigurationPlatforms) = postSolution
		{5876804C-5B53-4492-A067-00B947844123}.Debug|Any CPU.ActiveCfg = Debug|Any CPU
		{5876804C-5B53-4492-A067-00B947844123}.Debug|Any CPU.Build.0 = Debug|Any CPU
		{5876804C-5B53-4492-A067-00B947844123}.Release|Any CPU.ActiveCfg = Release|Any CPU
		{5876804C-5B53-4492-A067-00B947844123}.Release|Any CPU.Build.0 = Release|Any CPU
		{84D30EEF-64A5-4C9F-9CCD-31EA0B2C70C9}.Debug|Any CPU.ActiveCfg = Debug|Any CPU
		{84D30EEF-64A5-4C9F-9CCD-31EA0B2C70C9}.Debug|Any CPU.Build.0 = Debug|Any CPU
		{84D30EEF-64A5-4C9F-9CCD-31EA0B2C70C9}.Release|Any CPU.ActiveCfg = Release|Any CPU
		{84D30EEF-64A5-4C9F-9CCD-31EA0B2C70C9}.Release|Any CPU.Build.0 = Release|Any CPU
		{63D0A3A8-DF1E-4E0F-B7F3-DC6AACC8880C}.Debug|Any CPU.ActiveCfg = Debug|Any CPU
		{63D0A3A8-DF1E-4E0F-B7F3-DC6AACC8880C}.Debug|Any CPU.Build.0 = Debug|Any CPU
		{63D0A3A8-DF1E-4E0F-B7F3-DC6AACC8880C}.Release|Any CPU.ActiveCfg = Release|Any CPU
		{63D0A3A8-DF1E-4E0F-B7F3-DC6AACC8880C}.Release|Any CPU.Build.0 = Release|Any CPU
	EndGlobalSection
	GlobalSection(SolutionProperties) = preSolution
		HideSolutionNode = FALSE
	EndGlobalSection
	GlobalSection(ExtensibilityGlobals) = postSolution
		SolutionGuid = {456B16C7-8787-4E15-A2D7-75EA03818D0D}
	EndGlobalSection
EndGlobal
